
Microsoft Visual Studio Solution File, Format Version 12.00
# Visual Studio 2012
Project("{FAE04EC0-301F-11D3-BF4B-00C04F79EFBC}") = "StockTestingAgain", "StockTestingAgain\StockTestingAgain.csproj", "{8943FFF3-9E42-4C69-AE65-9B9738EDC123}"
EndProject
Global
	GlobalSection(SolutionConfigurationPlatforms) = preSolution
		Debug|Any CPU = Debug|Any CPU
		Release|Any CPU = Release|Any CPU
	EndGlobalSection
	GlobalSection(ProjectConfigurationPlatforms) = postSolution
		{8943FFF3-9E42-4C69-AE65-9B9738EDC123}.Debug|Any CPU.ActiveCfg = Debug|Any CPU
		{8943FFF3-9E42-4C69-AE65-9B9738EDC123}.Debug|Any CPU.Build.0 = Debug|Any CPU
		{8943FFF3-9E42-4C69-AE65-9B9738EDC123}.Release|Any CPU.ActiveCfg = Release|Any CPU
		{8943FFF3-9E42-4C69-AE65-9B9738EDC123}.Release|Any CPU.Build.0 = Release|Any CPU
	EndGlobalSection
	GlobalSection(SolutionProperties) = preSolution
		HideSolutionNode = FALSE
	EndGlobalSection
EndGlobal
